
Microsoft Visual Studio Solution File, Format Version 12.00
# Visual Studio 15
VisualStudioVersion = 15.0.28307.1022
MinimumVisualStudioVersion = 10.0.40219.1
Project("{2150E333-8FDC-42A3-9474-1A3956D46DE8}") = "hw_01_assets", "hw_01_assets", "{0AF7C101-018E-4331-B804-9CC7EC32C515}"
	ProjectSection(SolutionItems) = preProject
		hw_01_assets\Algorithm in UTF-8.txt = hw_01_assets\Algorithm in UTF-8.txt
	EndProjectSection
EndProject
Global
	GlobalSection(SolutionProperties) = preSolution
		HideSolutionNode = FALSE
	EndGlobalSection
	GlobalSection(ExtensibilityGlobals) = postSolution
		SolutionGuid = {A33DA2F2-B725-4C5B-8610-C83E58897BFD}
	EndGlobalSection
EndGlobal
